PODS:
  - Flutter (1.0.0)
  - integration_test (0.0.1):
    - Flutter
  - statusbar_editor (0.0.1):
    - Flutter

DEPENDENCIES:
  - Flutter (from `Flutter`)
  - integration_test (from `.symlinks/plugins/integration_test/ios`)
  - statusbar_editor (from `.symlinks/plugins/statusbar_editor/ios`)

EXTERNAL SOURCES:
  Flutter:
    :path: Flutter
  integration_test:
    :path: ".symlinks/plugins/integration_test/ios"
  statusbar_editor:
    :path: ".symlinks/plugins/statusbar_editor/ios"

SPEC CHECKSUMS:
  Flutter: cabc95a1d2626b1b06e7179b784ebcf0c0cde467
  integration_test: 4a889634ef21a45d28d50d622cf412dc6d9f586e
  statusbar_editor: c2d346fc5b5c62c8614652fa83725f8a9a1afbc8

PODFILE CHECKSUM: 3c63482e143d1b91d2d2560aee9fb04ecc74ac7e

COCOAPODS: 1.16.2
